
Microsoft Visual Studio Solution File, Format Version 12.00
# Visual Studio Version 17
VisualStudioVersion = 17.10.35027.167
MinimumVisualStudioVersion = 10.0.40219.1
Project("{9A19103F-16F7-4668-BE54-9A1E7A4F7556}") = "FlightDataAnalyzer", "FlightDataAnalyzer.csproj", "{5E8DF286-7988-4F3C-959A-C85826441501}"
EndProject
Project("{FAE04EC0-301F-11D3-BF4B-00C04F79EFBC}") = "FlightDataAnalyzer.Test", "..\FlightDataAnalyzer.Test\FlightDataAnalyzer.Test.csproj", "{987D9F46-D7DD-4B36-82AF-B883965C8580}"
EndProject
Global
	GlobalSection(SolutionConfigurationPlatforms) = preSolution
		Debug|Any CPU = Debug|Any CPU
		Release|Any CPU = Release|Any CPU
	EndGlobalSection
	GlobalSection(ProjectConfigurationPlatforms) = postSolution
		{5E8DF286-7988-4F3C-959A-C85826441501}.Debug|Any CPU.ActiveCfg = Debug|Any CPU
		{5E8DF286-7988-4F3C-959A-C85826441501}.Debug|Any CPU.Build.0 = Debug|Any CPU
		{5E8DF286-7988-4F3C-959A-C85826441501}.Release|Any CPU.ActiveCfg = Release|Any CPU
		{5E8DF286-7988-4F3C-959A-C85826441501}.Release|Any CPU.Build.0 = Release|Any CPU
		{987D9F46-D7DD-4B36-82AF-B883965C8580}.Debug|Any CPU.ActiveCfg = Debug|Any CPU
		{987D9F46-D7DD-4B36-82AF-B883965C8580}.Debug|Any CPU.Build.0 = Debug|Any CPU
		{987D9F46-D7DD-4B36-82AF-B883965C8580}.Release|Any CPU.ActiveCfg = Release|Any CPU
		{987D9F46-D7DD-4B36-82AF-B883965C8580}.Release|Any CPU.Build.0 = Release|Any CPU
	EndGlobalSection
	GlobalSection(SolutionProperties) = preSolution
		HideSolutionNode = FALSE
	EndGlobalSection
	GlobalSection(ExtensibilityGlobals) = postSolution
		SolutionGuid = {294E01B9-798D-4136-9354-57593364E45C}
	EndGlobalSection
EndGlobal
